
Microsoft Visual Studio Solution File, Format Version 12.00
# Visual Studio Version 17
VisualStudioVersion = 17.7.34031.279
MinimumVisualStudioVersion = 10.0.40219.1
Project("{FAE04EC0-301F-11D3-BF4B-00C04F79EFBC}") = "PRODUCTO", "PRODUCTO.csproj", "{812EC77C-4E8B-46F1-BE95-69140D53D25F}"
EndProject
Global
	GlobalSection(SolutionConfigurationPlatforms) = preSolution
		Debug|Any CPU = Debug|Any CPU
		Release|Any CPU = Release|Any CPU
	EndGlobalSection
	GlobalSection(ProjectConfigurationPlatforms) = postSolution
		{812EC77C-4E8B-46F1-BE95-69140D53D25F}.Debug|Any CPU.ActiveCfg = Debug|Any CPU
		{812EC77C-4E8B-46F1-BE95-69140D53D25F}.Debug|Any CPU.Build.0 = Debug|Any CPU
		{812EC77C-4E8B-46F1-BE95-69140D53D25F}.Release|Any CPU.ActiveCfg = Release|Any CPU
		{812EC77C-4E8B-46F1-BE95-69140D53D25F}.Release|Any CPU.Build.0 = Release|Any CPU
	EndGlobalSection
	GlobalSection(SolutionProperties) = preSolution
		HideSolutionNode = FALSE
	EndGlobalSection
	GlobalSection(ExtensibilityGlobals) = postSolution
		SolutionGuid = {2DF52E2C-97FC-4306-85D6-7034C144916E}
	EndGlobalSection
EndGlobal
